<?xml version="1.0" encoding="utf-8"?>
<Project ToolsVersion="4.0" xmlns="http://schemas.microsoft.com/developer/msbuild/2003">
  <ItemGroup>
    <Filter Include="Source Files">
      <UniqueIdentifier>{4FC737F1-C7A5-4376-A066-2A32D752A2FF}</UniqueIdentifier>
      <Extensions>cpp;c;cc;cxx;def;odl;idl;hpj;bat;asm;asmx</Extensions>
    </Filter>
    <Filter Include="Header Files">
      <UniqueIdentifier>{93995380-89BD-4b04-88EB-625FBE52EBFB}</UniqueIdentifier>
      <Extensions>h;hh;hpp;hxx;hm;inl;inc;ipp;xsd</Extensions>
    </Filter>
    <Filter Include="Resource Files">
      <UniqueIdentifier>{67DA6AB6-F800-4c08-8B7A-83BB121AAD01}</UniqueIdentifier>
      <Extensions>rc;ico;cur;bmp;dlg;rc2;rct;bin;rgs;gif;jpg;jpeg;jpe;resx;tiff;tif;png;wav;mfcribbon-ms</Extensions>
    </Filter>
  </ItemGroup>
  <ItemGroup>
    <ClInclude Include="CoreForeCast\brent.h">
      <Filter>Header Files</Filter>
    </ClInclude>
    <ClInclude Include="CoreForeCast\common.h">
      <Filter>Header Files</Filter>
    </ClInclude>
    <ClInclude Include="CoreForeCast\diff.h">
      <Filter>Header Files</Filter>
    </ClInclude>
    <ClInclude Include="CoreForeCast\expanding.h">
      <Filter>Header Files</Filter>
    </ClInclude>
    <ClInclude Include="CoreForeCast\exponentially_weighted.h">
      <Filter>Header Files</Filter>
    </ClInclude>
    <ClInclude Include="CoreForeCast\grouped_array_functions.h">
      <Filter>Header Files</Filter>
    </ClInclude>
    <ClInclude Include="CoreForeCast\kpss.h">
      <Filter>Header Files</Filter>
    </ClInclude>
    <ClInclude Include="CoreForeCast\lag.h">
      <Filter>Header Files</Filter>
    </ClInclude>
    <ClInclude Include="CoreForeCast\rolling.h">
      <Filter>Header Files</Filter>
    </ClInclude>
    <ClInclude Include="CoreForeCast\scalers.h">
      <Filter>Header Files</Filter>
    </ClInclude>
    <ClInclude Include="CoreForeCast\seasonal.h">
      <Filter>Header Files</Filter>
    </ClInclude>
    <ClInclude Include="CoreForeCast\stats.h">
      <Filter>Header Files</Filter>
    </ClInclude>
    <ClInclude Include="CoreForeCast\stl.hpp">
      <Filter>Header Files</Filter>
    </ClInclude>
    <ClInclude Include="StatsForeCast\span.hpp">
      <Filter>Header Files</Filter>
    </ClInclude>
  </ItemGroup>
  <ItemGroup>
    <ClCompile Include="CoreForeCast\coreforecast.cpp">
      <Filter>Source Files</Filter>
    </ClCompile>
    <ClCompile Include="CoreForeCast\diff.cpp">
      <Filter>Source Files</Filter>
    </ClCompile>
    <ClCompile Include="CoreForeCast\expanding.cpp">
      <Filter>Source Files</Filter>
    </ClCompile>
    <ClCompile Include="CoreForeCast\exponentially_weighted.cpp">
      <Filter>Source Files</Filter>
    </ClCompile>
    <ClCompile Include="CoreForeCast\grouped_array.cpp">
      <Filter>Source Files</Filter>
    </ClCompile>
    <ClCompile Include="CoreForeCast\rolling.cpp">
      <Filter>Source Files</Filter>
    </ClCompile>
    <ClCompile Include="CoreForeCast\scalers.cpp">
      <Filter>Source Files</Filter>
    </ClCompile>
    <ClCompile Include="CoreForeCast\seasonal.cpp">
      <Filter>Source Files</Filter>
    </ClCompile>
    <ClCompile Include="StatsForeCast\arima.cpp">
      <Filter>Source Files</Filter>
    </ClCompile>
    <ClCompile Include="StatsForeCast\ets.cpp">
      <Filter>Source Files</Filter>
    </ClCompile>
    <ClCompile Include="StatsForeCast\theta.cpp">
      <Filter>Source Files</Filter>
    </ClCompile>
    <ClCompile Include="pyForeCast.cpp">
      <Filter>Source Files</Filter>
    </ClCompile>
  </ItemGroup>
</Project>